
Microsoft Visual Studio Solution File, Format Version 12.00
# Visual Studio Version 17
VisualStudioVersion = 17.3.32922.545
MinimumVisualStudioVersion = 10.0.40219.1
Project("{8BC9CEB8-8B4A-11D0-8D11-00A0C91BC942}") = "Tower of Hanoi", "Tower of Hanoi\Tower of Hanoi.vcxproj", "{A1D6B528-7181-43E9-BE45-10C3022CE8A9}"
EndProject
Global
	GlobalSection(SolutionConfigurationPlatforms) = preSolution
		Debug|x64 = Debug|x64
		Debug|x86 = Debug|x86
		Release|x64 = Release|x64
		Release|x86 = Release|x86
	EndGlobalSection
	GlobalSection(ProjectConfigurationPlatforms) = postSolution
		{A1D6B528-7181-43E9-BE45-10C3022CE8A9}.Debug|x64.ActiveCfg = Debug|x64
		{A1D6B528-7181-43E9-BE45-10C3022CE8A9}.Debug|x64.Build.0 = Debug|x64
		{A1D6B528-7181-43E9-BE45-10C3022CE8A9}.Debug|x86.ActiveCfg = Debug|Win32
		{A1D6B528-7181-43E9-BE45-10C3022CE8A9}.Debug|x86.Build.0 = Debug|Win32
		{A1D6B528-7181-43E9-BE45-10C3022CE8A9}.Release|x64.ActiveCfg = Release|x64
		{A1D6B528-7181-43E9-BE45-10C3022CE8A9}.Release|x64.Build.0 = Release|x64
		{A1D6B528-7181-43E9-BE45-10C3022CE8A9}.Release|x86.ActiveCfg = Release|Win32
		{A1D6B528-7181-43E9-BE45-10C3022CE8A9}.Release|x86.Build.0 = Release|Win32
	EndGlobalSection
	GlobalSection(SolutionProperties) = preSolution
		HideSolutionNode = FALSE
	EndGlobalSection
	GlobalSection(ExtensibilityGlobals) = postSolution
		SolutionGuid = {70BED6D7-49D0-4A0D-96DA-DEF430C21D56}
	EndGlobalSection
EndGlobal
